
Microsoft Visual Studio Solution File, Format Version 12.00
# Visual Studio Version 17
VisualStudioVersion = 17.8.34302.71
MinimumVisualStudioVersion = 10.0.40219.1
Project("{9A19103F-16F7-4668-BE54-9A1E7A4F7556}") = "Exchange.BAL", "Exchange.BAL\Exchange.BAL.csproj", "{8939190A-B266-498C-885C-998C50F7BFB2}"
EndProject
Project("{9A19103F-16F7-4668-BE54-9A1E7A4F7556}") = "Exchange.Mobile", "Exchange.Mobile\Exchange.Mobile.csproj", "{773E7B28-00FC-4949-A1B0-2DCF19F9C11C}"
EndProject
Project("{9A19103F-16F7-4668-BE54-9A1E7A4F7556}") = "Exchange.DAL", "Exchange.DAL\Exchange.DAL.csproj", "{80EE9DA9-DFF0-4F70-82DE-C3DA70350EEE}"
EndProject
Project("{9A19103F-16F7-4668-BE54-9A1E7A4F7556}") = "Exchange.WebAPI", "Exchange.WebAPI\Exchange.WebAPI.csproj", "{D6491AF1-B2C2-4F3A-8276-654B39DECED3}"
EndProject
Project("{9A19103F-16F7-4668-BE54-9A1E7A4F7556}") = "Exchnage.Library", "Exchnage.Library\Exchnage.Library.csproj", "{88A304C3-14B9-434F-8592-6DEB28B27824}"
EndProject
Project("{9A19103F-16F7-4668-BE54-9A1E7A4F7556}") = "Exchange.WebApp", "Exchange.WebApp\Exchange.WebApp.csproj", "{8D3FDC0E-A8BD-4005-84F5-849DE65B72F8}"
EndProject
Project("{2150E333-8FDC-42A3-9474-1A3956D46DE8}") = "UI", "UI", "{DE6D83CA-CAB1-4699-8FE1-F687559F4A93}"
EndProject
Project("{9A19103F-16F7-4668-BE54-9A1E7A4F7556}") = "Exchange.Library", "Exchange.Library\Exchange.Library.csproj", "{146603FF-0159-4B6F-A93A-3AE54221CFEA}"
EndProject
Global
	GlobalSection(SolutionConfigurationPlatforms) = preSolution
		Debug|Any CPU = Debug|Any CPU
		Release|Any CPU = Release|Any CPU
	EndGlobalSection
	GlobalSection(ProjectConfigurationPlatforms) = postSolution
		{8939190A-B266-498C-885C-998C50F7BFB2}.Debug|Any CPU.ActiveCfg = Debug|Any CPU
		{8939190A-B266-498C-885C-998C50F7BFB2}.Debug|Any CPU.Build.0 = Debug|Any CPU
		{8939190A-B266-498C-885C-998C50F7BFB2}.Release|Any CPU.ActiveCfg = Release|Any CPU
		{8939190A-B266-498C-885C-998C50F7BFB2}.Release|Any CPU.Build.0 = Release|Any CPU
		{773E7B28-00FC-4949-A1B0-2DCF19F9C11C}.Debug|Any CPU.ActiveCfg = Debug|Any CPU
		{773E7B28-00FC-4949-A1B0-2DCF19F9C11C}.Debug|Any CPU.Build.0 = Debug|Any CPU
		{773E7B28-00FC-4949-A1B0-2DCF19F9C11C}.Debug|Any CPU.Deploy.0 = Debug|Any CPU
		{773E7B28-00FC-4949-A1B0-2DCF19F9C11C}.Release|Any CPU.ActiveCfg = Release|Any CPU
		{773E7B28-00FC-4949-A1B0-2DCF19F9C11C}.Release|Any CPU.Build.0 = Release|Any CPU
		{773E7B28-00FC-4949-A1B0-2DCF19F9C11C}.Release|Any CPU.Deploy.0 = Release|Any CPU
		{80EE9DA9-DFF0-4F70-82DE-C3DA70350EEE}.Debug|Any CPU.ActiveCfg = Debug|Any CPU
		{80EE9DA9-DFF0-4F70-82DE-C3DA70350EEE}.Debug|Any CPU.Build.0 = Debug|Any CPU
		{80EE9DA9-DFF0-4F70-82DE-C3DA70350EEE}.Release|Any CPU.ActiveCfg = Release|Any CPU
		{80EE9DA9-DFF0-4F70-82DE-C3DA70350EEE}.Release|Any CPU.Build.0 = Release|Any CPU
		{D6491AF1-B2C2-4F3A-8276-654B39DECED3}.Debug|Any CPU.ActiveCfg = Debug|Any CPU
		{D6491AF1-B2C2-4F3A-8276-654B39DECED3}.Debug|Any CPU.Build.0 = Debug|Any CPU
		{D6491AF1-B2C2-4F3A-8276-654B39DECED3}.Release|Any CPU.ActiveCfg = Release|Any CPU
		{D6491AF1-B2C2-4F3A-8276-654B39DECED3}.Release|Any CPU.Build.0 = Release|Any CPU
		{88A304C3-14B9-434F-8592-6DEB28B27824}.Debug|Any CPU.ActiveCfg = Debug|Any CPU
		{88A304C3-14B9-434F-8592-6DEB28B27824}.Debug|Any CPU.Build.0 = Debug|Any CPU
		{88A304C3-14B9-434F-8592-6DEB28B27824}.Release|Any CPU.ActiveCfg = Release|Any CPU
		{88A304C3-14B9-434F-8592-6DEB28B27824}.Release|Any CPU.Build.0 = Release|Any CPU
		{8D3FDC0E-A8BD-4005-84F5-849DE65B72F8}.Debug|Any CPU.ActiveCfg = Debug|Any CPU
		{8D3FDC0E-A8BD-4005-84F5-849DE65B72F8}.Debug|Any CPU.Build.0 = Debug|Any CPU
		{8D3FDC0E-A8BD-4005-84F5-849DE65B72F8}.Release|Any CPU.ActiveCfg = Release|Any CPU
		{8D3FDC0E-A8BD-4005-84F5-849DE65B72F8}.Release|Any CPU.Build.0 = Release|Any CPU
		{146603FF-0159-4B6F-A93A-3AE54221CFEA}.Debug|Any CPU.ActiveCfg = Debug|Any CPU
		{146603FF-0159-4B6F-A93A-3AE54221CFEA}.Debug|Any CPU.Build.0 = Debug|Any CPU
		{146603FF-0159-4B6F-A93A-3AE54221CFEA}.Release|Any CPU.ActiveCfg = Release|Any CPU
		{146603FF-0159-4B6F-A93A-3AE54221CFEA}.Release|Any CPU.Build.0 = Release|Any CPU
	EndGlobalSection
	GlobalSection(SolutionProperties) = preSolution
		HideSolutionNode = FALSE
	EndGlobalSection
	GlobalSection(NestedProjects) = preSolution
		{773E7B28-00FC-4949-A1B0-2DCF19F9C11C} = {DE6D83CA-CAB1-4699-8FE1-F687559F4A93}
		{D6491AF1-B2C2-4F3A-8276-654B39DECED3} = {DE6D83CA-CAB1-4699-8FE1-F687559F4A93}
		{8D3FDC0E-A8BD-4005-84F5-849DE65B72F8} = {DE6D83CA-CAB1-4699-8FE1-F687559F4A93}
		{146603FF-0159-4B6F-A93A-3AE54221CFEA} = {DE6D83CA-CAB1-4699-8FE1-F687559F4A93}
	EndGlobalSection
	GlobalSection(ExtensibilityGlobals) = postSolution
		SolutionGuid = {FC25269B-30EE-4110-B3F9-51212EC85881}
	EndGlobalSection
EndGlobal
